
Microsoft Visual Studio Solution File, Format Version 12.00
# Visual Studio Version 17
VisualStudioVersion = 17.9.34616.47
MinimumVisualStudioVersion = 10.0.40219.1
Project("{9A19103F-16F7-4668-BE54-9A1E7A4F7556}") = "Welcome", "Welcome\Welcome.csproj", "{70CB177C-0BE4-432D-AD43-164780231304}"
EndProject
Project("{9A19103F-16F7-4668-BE54-9A1E7A4F7556}") = "WelcomeExtended", "WelcomeExtended\WelcomeExtended.csproj", "{6931CA90-8777-4912-B706-075DE03D6418}"
EndProject
Project("{9A19103F-16F7-4668-BE54-9A1E7A4F7556}") = "DataLayer", "DataLayer\DataLayer.csproj", "{2E181455-8315-4A7A-B901-22CD1244080C}"
EndProject
Project("{FAE04EC0-301F-11D3-BF4B-00C04F79EFBC}") = "UI", "UI\UI.csproj", "{6088E008-4EFB-47CE-8514-BB68F36F989E}"
EndProject
Global
	GlobalSection(SolutionConfigurationPlatforms) = preSolution
		Debug|Any CPU = Debug|Any CPU
		Release|Any CPU = Release|Any CPU
	EndGlobalSection
	GlobalSection(ProjectConfigurationPlatforms) = postSolution
		{70CB177C-0BE4-432D-AD43-164780231304}.Debug|Any CPU.ActiveCfg = Debug|Any CPU
		{70CB177C-0BE4-432D-AD43-164780231304}.Debug|Any CPU.Build.0 = Debug|Any CPU
		{70CB177C-0BE4-432D-AD43-164780231304}.Release|Any CPU.ActiveCfg = Release|Any CPU
		{70CB177C-0BE4-432D-AD43-164780231304}.Release|Any CPU.Build.0 = Release|Any CPU
		{6931CA90-8777-4912-B706-075DE03D6418}.Debug|Any CPU.ActiveCfg = Debug|Any CPU
		{6931CA90-8777-4912-B706-075DE03D6418}.Debug|Any CPU.Build.0 = Debug|Any CPU
		{6931CA90-8777-4912-B706-075DE03D6418}.Release|Any CPU.ActiveCfg = Release|Any CPU
		{6931CA90-8777-4912-B706-075DE03D6418}.Release|Any CPU.Build.0 = Release|Any CPU
		{2E181455-8315-4A7A-B901-22CD1244080C}.Debug|Any CPU.ActiveCfg = Debug|Any CPU
		{2E181455-8315-4A7A-B901-22CD1244080C}.Debug|Any CPU.Build.0 = Debug|Any CPU
		{2E181455-8315-4A7A-B901-22CD1244080C}.Release|Any CPU.ActiveCfg = Release|Any CPU
		{2E181455-8315-4A7A-B901-22CD1244080C}.Release|Any CPU.Build.0 = Release|Any CPU
		{6088E008-4EFB-47CE-8514-BB68F36F989E}.Debug|Any CPU.ActiveCfg = Debug|Any CPU
		{6088E008-4EFB-47CE-8514-BB68F36F989E}.Debug|Any CPU.Build.0 = Debug|Any CPU
		{6088E008-4EFB-47CE-8514-BB68F36F989E}.Release|Any CPU.ActiveCfg = Release|Any CPU
		{6088E008-4EFB-47CE-8514-BB68F36F989E}.Release|Any CPU.Build.0 = Release|Any CPU
	EndGlobalSection
	GlobalSection(SolutionProperties) = preSolution
		HideSolutionNode = FALSE
	EndGlobalSection
	GlobalSection(ExtensibilityGlobals) = postSolution
		SolutionGuid = {B2E3FEAD-1DAD-4160-B1A6-47E84F2D0F5B}
	EndGlobalSection
EndGlobal
